
Microsoft Visual Studio Solution File, Format Version 12.00
# Visual Studio Version 16
VisualStudioVersion = 16.0.28407.52
MinimumVisualStudioVersion = 10.0.40219.1
Project("{2150E333-8FDC-42A3-9474-1A3956D46DE8}") = "Csharp70", "Csharp70", "{FE642731-4916-4868-B094-E1699E950B28}"
EndProject
Project("{FAE04EC0-301F-11D3-BF4B-00C04F79EFBC}") = "OutVariables", "OutVariables\OutVariables.csproj", "{84C372CD-2F21-446A-9E92-195EAEAF9258}"
EndProject
Project("{FAE04EC0-301F-11D3-BF4B-00C04F79EFBC}") = "Discards", "Discards\Discards.csproj", "{57935FF2-28F9-4C8B-A120-E846DAE50AC1}"
EndProject
Project("{FAE04EC0-301F-11D3-BF4B-00C04F79EFBC}") = "Tuples", "Tuples\Tuples.csproj", "{35342A66-E61F-449B-A266-C5470C376C56}"
EndProject
Project("{FAE04EC0-301F-11D3-BF4B-00C04F79EFBC}") = "PatternMatching", "PatternMatching\PatternMatching.csproj", "{2BBAFFE1-27EF-49B9-8EDC-B629A80D3F06}"
EndProject
Project("{FAE04EC0-301F-11D3-BF4B-00C04F79EFBC}") = "RefLocal", "RefLocal\RefLocal.csproj", "{83F4D4AD-162B-456B-A73D-C5BD6DE3C26F}"
EndProject
Project("{FAE04EC0-301F-11D3-BF4B-00C04F79EFBC}") = "MoreExpressions", "MoreExpressions\MoreExpressions.csproj", "{BBAA02CC-075F-48CC-B5DE-5D2D59058BDA}"
EndProject
Project("{2150E333-8FDC-42A3-9474-1A3956D46DE8}") = "Csharp71", "Csharp71", "{0DF22418-C0F2-45A9-95D6-0FAFA6C00B21}"
EndProject
Project("{FAE04EC0-301F-11D3-BF4B-00C04F79EFBC}") = "InferredTupleElements", "InferredTupleElements\InferredTupleElements.csproj", "{E0F6B326-E0A8-4378-A1F0-7FF6F213FD69}"
EndProject
Project("{FAE04EC0-301F-11D3-BF4B-00C04F79EFBC}") = "DefaultLiteralExpressions", "DefaultLiteralExpressions\DefaultLiteralExpressions.csproj", "{0994C0BD-83CA-4AF8-A30C-C1786E417381}"
EndProject
Project("{FAE04EC0-301F-11D3-BF4B-00C04F79EFBC}") = "AsyncMain", "AsyncMain\AsyncMain.csproj", "{7A8F62AE-3588-4745-97C3-8D6323F22D13}"
EndProject
Project("{2150E333-8FDC-42A3-9474-1A3956D46DE8}") = "Csharp72", "Csharp72", "{DF0DBD80-A66C-487D-9E88-3105F72BEEBC}"
EndProject
Project("{FAE04EC0-301F-11D3-BF4B-00C04F79EFBC}") = "InParameter", "InParameter\InParameter.csproj", "{C882ABA3-086A-4707-89A0-8CA8539020F9}"
EndProject
Project("{FAE04EC0-301F-11D3-BF4B-00C04F79EFBC}") = "RefReadonly", "RefReadonly\RefReadonly.csproj", "{27232D9C-80F0-4B7F-8CDA-AA5FF666085E}"
EndProject
Project("{2150E333-8FDC-42A3-9474-1A3956D46DE8}") = "Csharp80", "Csharp80", "{28C46A6C-7FA6-4F4C-AAFE-76EB52DCD9D9}"
EndProject
Project("{9A19103F-16F7-4668-BE54-9A1E7A4F7556}") = "DefaultInterfaces", "DefaultInterfaces\DefaultInterfaces.csproj", "{C20BD436-7A4E-4805-B74B-584CFED2159D}"
EndProject
Project("{FAE04EC0-301F-11D3-BF4B-00C04F79EFBC}") = "NullableReferences", "NullableReferences\NullableReferences.csproj", "{668F2FB8-9857-43D0-A044-F570334582EC}"
EndProject
Project("{2150E333-8FDC-42A3-9474-1A3956D46DE8}") = "Csharp73", "Csharp73", "{647031BD-F00A-4A46-8FFB-F361B93FBD56}"
EndProject
Project("{FAE04EC0-301F-11D3-BF4B-00C04F79EFBC}") = "TupleEquality", "TupleCompare\TupleEquality.csproj", "{EBF62302-3AA0-4B66-B5F5-0B7027C27DAC}"
EndProject
Project("{FAE04EC0-301F-11D3-BF4B-00C04F79EFBC}") = "MemoryAndSpan", "MemoryAndSpan\MemoryAndSpan.csproj", "{4C5BA11D-2EE6-4F5A-AF29-BD5BA4C658E7}"
EndProject
Project("{9A19103F-16F7-4668-BE54-9A1E7A4F7556}") = "MemoryAndSpanNetCore", "MemoryAndSpanNetCore\MemoryAndSpanNetCore.csproj", "{12E796BD-2F75-4E67-B350-D83571C48391}"
EndProject
Project("{FAE04EC0-301F-11D3-BF4B-00C04F79EFBC}") = "LocalFunctions", "LocalFunctions\LocalFunctions.csproj", "{A579EDA7-32EA-4DBC-9231-9743FC0EA2F8}"
EndProject
Global
	GlobalSection(SolutionConfigurationPlatforms) = preSolution
		Debug|Any CPU = Debug|Any CPU
		Release|Any CPU = Release|Any CPU
	EndGlobalSection
	GlobalSection(ProjectConfigurationPlatforms) = postSolution
		{84C372CD-2F21-446A-9E92-195EAEAF9258}.Debug|Any CPU.ActiveCfg = Debug|Any CPU
		{84C372CD-2F21-446A-9E92-195EAEAF9258}.Debug|Any CPU.Build.0 = Debug|Any CPU
		{84C372CD-2F21-446A-9E92-195EAEAF9258}.Release|Any CPU.ActiveCfg = Release|Any CPU
		{84C372CD-2F21-446A-9E92-195EAEAF9258}.Release|Any CPU.Build.0 = Release|Any CPU
		{57935FF2-28F9-4C8B-A120-E846DAE50AC1}.Debug|Any CPU.ActiveCfg = Debug|Any CPU
		{57935FF2-28F9-4C8B-A120-E846DAE50AC1}.Debug|Any CPU.Build.0 = Debug|Any CPU
		{57935FF2-28F9-4C8B-A120-E846DAE50AC1}.Release|Any CPU.ActiveCfg = Release|Any CPU
		{57935FF2-28F9-4C8B-A120-E846DAE50AC1}.Release|Any CPU.Build.0 = Release|Any CPU
		{35342A66-E61F-449B-A266-C5470C376C56}.Debug|Any CPU.ActiveCfg = Debug|Any CPU
		{35342A66-E61F-449B-A266-C5470C376C56}.Debug|Any CPU.Build.0 = Debug|Any CPU
		{35342A66-E61F-449B-A266-C5470C376C56}.Release|Any CPU.ActiveCfg = Release|Any CPU
		{35342A66-E61F-449B-A266-C5470C376C56}.Release|Any CPU.Build.0 = Release|Any CPU
		{2BBAFFE1-27EF-49B9-8EDC-B629A80D3F06}.Debug|Any CPU.ActiveCfg = Debug|Any CPU
		{2BBAFFE1-27EF-49B9-8EDC-B629A80D3F06}.Debug|Any CPU.Build.0 = Debug|Any CPU
		{2BBAFFE1-27EF-49B9-8EDC-B629A80D3F06}.Release|Any CPU.ActiveCfg = Release|Any CPU
		{2BBAFFE1-27EF-49B9-8EDC-B629A80D3F06}.Release|Any CPU.Build.0 = Release|Any CPU
		{83F4D4AD-162B-456B-A73D-C5BD6DE3C26F}.Debug|Any CPU.ActiveCfg = Debug|Any CPU
		{83F4D4AD-162B-456B-A73D-C5BD6DE3C26F}.Debug|Any CPU.Build.0 = Debug|Any CPU
		{83F4D4AD-162B-456B-A73D-C5BD6DE3C26F}.Release|Any CPU.ActiveCfg = Release|Any CPU
		{83F4D4AD-162B-456B-A73D-C5BD6DE3C26F}.Release|Any CPU.Build.0 = Release|Any CPU
		{BBAA02CC-075F-48CC-B5DE-5D2D59058BDA}.Debug|Any CPU.ActiveCfg = Debug|Any CPU
		{BBAA02CC-075F-48CC-B5DE-5D2D59058BDA}.Debug|Any CPU.Build.0 = Debug|Any CPU
		{BBAA02CC-075F-48CC-B5DE-5D2D59058BDA}.Release|Any CPU.ActiveCfg = Release|Any CPU
		{BBAA02CC-075F-48CC-B5DE-5D2D59058BDA}.Release|Any CPU.Build.0 = Release|Any CPU
		{E0F6B326-E0A8-4378-A1F0-7FF6F213FD69}.Debug|Any CPU.ActiveCfg = Debug|Any CPU
		{E0F6B326-E0A8-4378-A1F0-7FF6F213FD69}.Debug|Any CPU.Build.0 = Debug|Any CPU
		{E0F6B326-E0A8-4378-A1F0-7FF6F213FD69}.Release|Any CPU.ActiveCfg = Release|Any CPU
		{E0F6B326-E0A8-4378-A1F0-7FF6F213FD69}.Release|Any CPU.Build.0 = Release|Any CPU
		{0994C0BD-83CA-4AF8-A30C-C1786E417381}.Debug|Any CPU.ActiveCfg = Debug|Any CPU
		{0994C0BD-83CA-4AF8-A30C-C1786E417381}.Debug|Any CPU.Build.0 = Debug|Any CPU
		{0994C0BD-83CA-4AF8-A30C-C1786E417381}.Release|Any CPU.ActiveCfg = Release|Any CPU
		{0994C0BD-83CA-4AF8-A30C-C1786E417381}.Release|Any CPU.Build.0 = Release|Any CPU
		{7A8F62AE-3588-4745-97C3-8D6323F22D13}.Debug|Any CPU.ActiveCfg = Debug|Any CPU
		{7A8F62AE-3588-4745-97C3-8D6323F22D13}.Debug|Any CPU.Build.0 = Debug|Any CPU
		{7A8F62AE-3588-4745-97C3-8D6323F22D13}.Release|Any CPU.ActiveCfg = Release|Any CPU
		{7A8F62AE-3588-4745-97C3-8D6323F22D13}.Release|Any CPU.Build.0 = Release|Any CPU
		{C882ABA3-086A-4707-89A0-8CA8539020F9}.Debug|Any CPU.ActiveCfg = Debug|Any CPU
		{C882ABA3-086A-4707-89A0-8CA8539020F9}.Debug|Any CPU.Build.0 = Debug|Any CPU
		{C882ABA3-086A-4707-89A0-8CA8539020F9}.Release|Any CPU.ActiveCfg = Release|Any CPU
		{C882ABA3-086A-4707-89A0-8CA8539020F9}.Release|Any CPU.Build.0 = Release|Any CPU
		{27232D9C-80F0-4B7F-8CDA-AA5FF666085E}.Debug|Any CPU.ActiveCfg = Debug|Any CPU
		{27232D9C-80F0-4B7F-8CDA-AA5FF666085E}.Debug|Any CPU.Build.0 = Debug|Any CPU
		{27232D9C-80F0-4B7F-8CDA-AA5FF666085E}.Release|Any CPU.ActiveCfg = Release|Any CPU
		{27232D9C-80F0-4B7F-8CDA-AA5FF666085E}.Release|Any CPU.Build.0 = Release|Any CPU
		{C20BD436-7A4E-4805-B74B-584CFED2159D}.Debug|Any CPU.ActiveCfg = Debug|Any CPU
		{C20BD436-7A4E-4805-B74B-584CFED2159D}.Debug|Any CPU.Build.0 = Debug|Any CPU
		{C20BD436-7A4E-4805-B74B-584CFED2159D}.Release|Any CPU.ActiveCfg = Release|Any CPU
		{C20BD436-7A4E-4805-B74B-584CFED2159D}.Release|Any CPU.Build.0 = Release|Any CPU
		{668F2FB8-9857-43D0-A044-F570334582EC}.Debug|Any CPU.ActiveCfg = Debug|Any CPU
		{668F2FB8-9857-43D0-A044-F570334582EC}.Debug|Any CPU.Build.0 = Debug|Any CPU
		{668F2FB8-9857-43D0-A044-F570334582EC}.Release|Any CPU.ActiveCfg = Release|Any CPU
		{668F2FB8-9857-43D0-A044-F570334582EC}.Release|Any CPU.Build.0 = Release|Any CPU
		{EBF62302-3AA0-4B66-B5F5-0B7027C27DAC}.Debug|Any CPU.ActiveCfg = Debug|Any CPU
		{EBF62302-3AA0-4B66-B5F5-0B7027C27DAC}.Debug|Any CPU.Build.0 = Debug|Any CPU
		{EBF62302-3AA0-4B66-B5F5-0B7027C27DAC}.Release|Any CPU.ActiveCfg = Release|Any CPU
		{EBF62302-3AA0-4B66-B5F5-0B7027C27DAC}.Release|Any CPU.Build.0 = Release|Any CPU
		{4C5BA11D-2EE6-4F5A-AF29-BD5BA4C658E7}.Debug|Any CPU.ActiveCfg = Debug|Any CPU
		{4C5BA11D-2EE6-4F5A-AF29-BD5BA4C658E7}.Debug|Any CPU.Build.0 = Debug|Any CPU
		{4C5BA11D-2EE6-4F5A-AF29-BD5BA4C658E7}.Release|Any CPU.ActiveCfg = Release|Any CPU
		{4C5BA11D-2EE6-4F5A-AF29-BD5BA4C658E7}.Release|Any CPU.Build.0 = Release|Any CPU
		{12E796BD-2F75-4E67-B350-D83571C48391}.Debug|Any CPU.ActiveCfg = Debug|Any CPU
		{12E796BD-2F75-4E67-B350-D83571C48391}.Debug|Any CPU.Build.0 = Debug|Any CPU
		{12E796BD-2F75-4E67-B350-D83571C48391}.Release|Any CPU.ActiveCfg = Release|Any CPU
		{12E796BD-2F75-4E67-B350-D83571C48391}.Release|Any CPU.Build.0 = Release|Any CPU
		{A579EDA7-32EA-4DBC-9231-9743FC0EA2F8}.Debug|Any CPU.ActiveCfg = Debug|Any CPU
		{A579EDA7-32EA-4DBC-9231-9743FC0EA2F8}.Debug|Any CPU.Build.0 = Debug|Any CPU
		{A579EDA7-32EA-4DBC-9231-9743FC0EA2F8}.Release|Any CPU.ActiveCfg = Release|Any CPU
		{A579EDA7-32EA-4DBC-9231-9743FC0EA2F8}.Release|Any CPU.Build.0 = Release|Any CPU
	EndGlobalSection
	GlobalSection(SolutionProperties) = preSolution
		HideSolutionNode = FALSE
	EndGlobalSection
	GlobalSection(NestedProjects) = preSolution
		{84C372CD-2F21-446A-9E92-195EAEAF9258} = {FE642731-4916-4868-B094-E1699E950B28}
		{57935FF2-28F9-4C8B-A120-E846DAE50AC1} = {FE642731-4916-4868-B094-E1699E950B28}
		{35342A66-E61F-449B-A266-C5470C376C56} = {FE642731-4916-4868-B094-E1699E950B28}
		{2BBAFFE1-27EF-49B9-8EDC-B629A80D3F06} = {FE642731-4916-4868-B094-E1699E950B28}
		{83F4D4AD-162B-456B-A73D-C5BD6DE3C26F} = {FE642731-4916-4868-B094-E1699E950B28}
		{BBAA02CC-075F-48CC-B5DE-5D2D59058BDA} = {FE642731-4916-4868-B094-E1699E950B28}
		{E0F6B326-E0A8-4378-A1F0-7FF6F213FD69} = {0DF22418-C0F2-45A9-95D6-0FAFA6C00B21}
		{0994C0BD-83CA-4AF8-A30C-C1786E417381} = {0DF22418-C0F2-45A9-95D6-0FAFA6C00B21}
		{7A8F62AE-3588-4745-97C3-8D6323F22D13} = {0DF22418-C0F2-45A9-95D6-0FAFA6C00B21}
		{C882ABA3-086A-4707-89A0-8CA8539020F9} = {DF0DBD80-A66C-487D-9E88-3105F72BEEBC}
		{27232D9C-80F0-4B7F-8CDA-AA5FF666085E} = {DF0DBD80-A66C-487D-9E88-3105F72BEEBC}
		{C20BD436-7A4E-4805-B74B-584CFED2159D} = {28C46A6C-7FA6-4F4C-AAFE-76EB52DCD9D9}
		{668F2FB8-9857-43D0-A044-F570334582EC} = {28C46A6C-7FA6-4F4C-AAFE-76EB52DCD9D9}
		{EBF62302-3AA0-4B66-B5F5-0B7027C27DAC} = {647031BD-F00A-4A46-8FFB-F361B93FBD56}
		{4C5BA11D-2EE6-4F5A-AF29-BD5BA4C658E7} = {DF0DBD80-A66C-487D-9E88-3105F72BEEBC}
		{12E796BD-2F75-4E67-B350-D83571C48391} = {DF0DBD80-A66C-487D-9E88-3105F72BEEBC}
		{A579EDA7-32EA-4DBC-9231-9743FC0EA2F8} = {FE642731-4916-4868-B094-E1699E950B28}
	EndGlobalSection
	GlobalSection(ExtensibilityGlobals) = postSolution
		SolutionGuid = {347A0259-9B1F-4B18-980E-E54796C9AD5A}
	EndGlobalSection
EndGlobal
