
Microsoft Visual Studio Solution File, Format Version 12.00
# Visual Studio Version 16
VisualStudioVersion = 16.0.28407.52
MinimumVisualStudioVersion = 10.0.40219.1
Project("{FAE04EC0-301F-11D3-BF4B-00C04F79EFBC}") = "Csharp70", "CsharpFeatureShowcase\Csharp70.csproj", "{0A14B0A4-57F2-4152-96A2-A2369E353690}"
EndProject
Global
	GlobalSection(SolutionConfigurationPlatforms) = preSolution
		Debug|Any CPU = Debug|Any CPU
		Release|Any CPU = Release|Any CPU
	EndGlobalSection
	GlobalSection(ProjectConfigurationPlatforms) = postSolution
		{0A14B0A4-57F2-4152-96A2-A2369E353690}.Debug|Any CPU.ActiveCfg = Debug|Any CPU
		{0A14B0A4-57F2-4152-96A2-A2369E353690}.Debug|Any CPU.Build.0 = Debug|Any CPU
		{0A14B0A4-57F2-4152-96A2-A2369E353690}.Release|Any CPU.ActiveCfg = Release|Any CPU
		{0A14B0A4-57F2-4152-96A2-A2369E353690}.Release|Any CPU.Build.0 = Release|Any CPU
	EndGlobalSection
	GlobalSection(SolutionProperties) = preSolution
		HideSolutionNode = FALSE
	EndGlobalSection
	GlobalSection(ExtensibilityGlobals) = postSolution
		SolutionGuid = {347A0259-9B1F-4B18-980E-E54796C9AD5A}
	EndGlobalSection
EndGlobal
